// !$*UTF8*$!
{
	archiveVersion = 1;
	classes = {
	};
	objectVersion = 46;
	objects = {

/* Begin PBXBuildFile section */
		0EB02F41B43FF8BD70194584 /* LINESeedJP-ExtraBold.ttf in Resources */ = {isa = PBXBuildFile; fileRef = E805D821C2E331CA24C92B84 /* LINESeedJP-ExtraBold.ttf */; };
		279F12303E15B4FDDB7BC0FC /* WorkoutPlayerView.swift in Sources */ = {isa = PBXBuildFile; fileRef = 4DE5B2D981D557E0F4B711EC /* WorkoutPlayerView.swift */; };
		295CE0F7CE915D9A507C5A0B /* WorkoutStoreTests.swift in Sources */ = {isa = PBXBuildFile; fileRef = E0088C7B8FD7B0C472C7B3A1 /* WorkoutStoreTests.swift */; };
		29AFA536E5BC0575B186454D /* Foundation.framework in Frameworks */ = {isa = PBXBuildFile; fileRef = 41059608AA6696F8B185B3B7 /* Foundation.framework */; };
		2E36A6F18341EA5915796E52 /* FutureScenarioSheet.swift in Sources */ = {isa = PBXBuildFile; fileRef = 337F5DF75878D9CA1E8F12F8 /* FutureScenarioSheet.swift */; };
		313FFB43739F659875648FCC /* FriendService.swift in Sources */ = {isa = PBXBuildFile; fileRef = C744A460635958A7FBD150EB /* FriendService.swift */; };
		3952210CDAC6FEE716482356 /* LINESeedJP-Regular.ttf in Resources */ = {isa = PBXBuildFile; fileRef = ABAC9B073640E3651345DB68 /* LINESeedJP-Regular.ttf */; };
		4DF77EFE85E25BF3B959E96B /* TeamView.swift in Sources */ = {isa = PBXBuildFile; fileRef = 136C9681E86C7D2DA747E753 /* TeamView.swift */; };
		597D8DF9F62D049FD62B7633 /* PrivacyInfo.xcprivacy in Resources */ = {isa = PBXBuildFile; fileRef = E801BACBBF63B09F70C33D47 /* PrivacyInfo.xcprivacy */; };
		66E5DD4AB1503B22DD73FF90 /* FirebaseWorkoutSync.swift in Sources */ = {isa = PBXBuildFile; fileRef = B4F5E2AFE5A66EF1AE00775A /* FirebaseWorkoutSync.swift */; };
		692A45DDB2B800DEAAA202C0 /* SettingsView.swift in Sources */ = {isa = PBXBuildFile; fileRef = 7F79DAF8A314DBDCD5359952 /* SettingsView.swift */; };
		6DCB2BAF1FFBF67CC2511789 /* TodayView.swift in Sources */ = {isa = PBXBuildFile; fileRef = ABCBAD730BC0D64A1F7DACEB /* TodayView.swift */; };
		AAC38B071E41B6C0DBD11344 /* ProgressViewScreen.swift in Sources */ = {isa = PBXBuildFile; fileRef = 61F36F4DAD4F6718C56F9829 /* ProgressViewScreen.swift */; };
		AAFEBA6C47E0EB5E3C77B047 /* Foundation.framework in Frameworks */ = {isa = PBXBuildFile; fileRef = 41059608AA6696F8B185B3B7 /* Foundation.framework */; };
		ACCEFA78803CCFD0B8D8F7D1 /* FutureBodyApp.swift in Sources */ = {isa = PBXBuildFile; fileRef = 1A1F02DA748C5E547590F30D /* FutureBodyApp.swift */; };
		B1F2170AE9C403C815059E30 /* Assets.xcassets in Resources */ = {isa = PBXBuildFile; fileRef = A0E2E495188696E57BD8A3B8 /* Assets.xcassets */; };
		C034E4591EE02F5CE150AFF3 /* DailyStateSheet.swift in Sources */ = {isa = PBXBuildFile; fileRef = 5FA1181366BF6EC02BA275AB /* DailyStateSheet.swift */; };
		C18EAEF3C278EA631E99DE2D /* LocalCoachService.swift in Sources */ = {isa = PBXBuildFile; fileRef = F75B049564FD293490CE3ADE /* LocalCoachService.swift */; };
		CFEAD629E6A12D40A07B6095 /* Workout.swift in Sources */ = {isa = PBXBuildFile; fileRef = 26E2F302B058FBA361F2C5EB /* Workout.swift */; };
		F8875057C3A2746CC27315C8 /* WorkoutStore.swift in Sources */ = {isa = PBXBuildFile; fileRef = 310FA3CE75E1BF47B59FC911 /* WorkoutStore.swift */; };
		FB85EE5837AB4EDB7C35FCB7 /* LINESeedJP-Bold.ttf in Resources */ = {isa = PBXBuildFile; fileRef = 41DAB5584430F841B8461BA9 /* LINESeedJP-Bold.ttf */; };
		FC5C7279FCA6C7295E3A630B /* DesignSystem.swift in Sources */ = {isa = PBXBuildFile; fileRef = 3C28159A6AB3DAD0465D1231 /* DesignSystem.swift */; };
		FF6AA08C96FF30A7504E4376 /* RootView.swift in Sources */ = {isa = PBXBuildFile; fileRef = 024AA5DDECBDDD8BD3F892D7 /* RootView.swift */; };
		FFBBFB60446DD267A3FF811C /* FutureBodyAppDelegate.swift in Sources */ = {isa = PBXBuildFile; fileRef = 01E88342D0211EC66540C385 /* FutureBodyAppDelegate.swift */; };
/* End PBXBuildFile section */

/* Begin PBXContainerItemProxy section */
		9650321C54DFA07A28EA7E6A /* PBXContainerItemProxy */ = {
			isa = PBXContainerItemProxy;
			containerPortal = 77CC4086660C2D8075EF11BA /* Project object */;
			proxyType = 1;
			remoteGlobalIDString = D3DD4024162C1AEB7046AB9E;
			remoteInfo = FutureBody;
		};
/* End PBXContainerItemProxy section */

/* Begin PBXFileReference section */
		01E88342D0211EC66540C385 /* FutureBodyAppDelegate.swift */ = {isa = PBXFileReference; includeInIndex = 1; lastKnownFileType = sourcecode.swift; name = FutureBodyAppDelegate.swift; path = FutureBody/App/FutureBodyAppDelegate.swift; sourceTree = "<group>"; };
		024AA5DDECBDDD8BD3F892D7 /* RootView.swift */ = {isa = PBXFileReference; includeInIndex = 1; lastKnownFileType = sourcecode.swift; name = RootView.swift; path = FutureBody/Views/RootView.swift; sourceTree = "<group>"; };
		136C9681E86C7D2DA747E753 /* TeamView.swift */ = {isa = PBXFileReference; includeInIndex = 1; lastKnownFileType = sourcecode.swift; name = TeamView.swift; path = FutureBody/Views/TeamView.swift; sourceTree = "<group>"; };
		1A1F02DA748C5E547590F30D /* FutureBodyApp.swift */ = {isa = PBXFileReference; includeInIndex = 1; lastKnownFileType = sourcecode.swift; name = FutureBodyApp.swift; path = FutureBody/App/FutureBodyApp.swift; sourceTree = "<group>"; };
		26E2F302B058FBA361F2C5EB /* Workout.swift */ = {isa = PBXFileReference; includeInIndex = 1; lastKnownFileType = sourcecode.swift; name = Workout.swift; path = FutureBody/Models/Workout.swift; sourceTree = "<group>"; };
		310FA3CE75E1BF47B59FC911 /* WorkoutStore.swift */ = {isa = PBXFileReference; includeInIndex = 1; lastKnownFileType = sourcecode.swift; name = WorkoutStore.swift; path = FutureBody/Store/WorkoutStore.swift; sourceTree = "<group>"; };
		337F5DF75878D9CA1E8F12F8 /* FutureScenarioSheet.swift */ = {isa = PBXFileReference; includeInIndex = 1; lastKnownFileType = sourcecode.swift; name = FutureScenarioSheet.swift; path = FutureBody/Views/FutureScenarioSheet.swift; sourceTree = "<group>"; };
		3C28159A6AB3DAD0465D1231 /* DesignSystem.swift */ = {isa = PBXFileReference; includeInIndex = 1; lastKnownFileType = sourcecode.swift; name = DesignSystem.swift; path = FutureBody/App/DesignSystem.swift; sourceTree = "<group>"; };
		41059608AA6696F8B185B3B7 /* Foundation.framework */ = {isa = PBXFileReference; lastKnownFileType = wrapper.framework; name = Foundation.framework; path = Platforms/iPhoneOS.platform/Developer/SDKs/iPhoneOS14.0.sdk/System/Library/Frameworks/Foundation.framework; sourceTree = DEVELOPER_DIR; };
		41DAB5584430F841B8461BA9 /* LINESeedJP-Bold.ttf */ = {isa = PBXFileReference; includeInIndex = 1; name = "LINESeedJP-Bold.ttf"; path = "FutureBody/Resources/Fonts/LINESeedJP-Bold.ttf"; sourceTree = "<group>"; };
		493C42F69F0EE33F18FF927E /* FutureBody.app */ = {isa = PBXFileReference; explicitFileType = wrapper.application; includeInIndex = 0; path = FutureBody.app; sourceTree = BUILT_PRODUCTS_DIR; };
		4DE5B2D981D557E0F4B711EC /* WorkoutPlayerView.swift */ = {isa = PBXFileReference; includeInIndex = 1; lastKnownFileType = sourcecode.swift; name = WorkoutPlayerView.swift; path = FutureBody/Views/WorkoutPlayerView.swift; sourceTree = "<group>"; };
		5FA1181366BF6EC02BA275AB /* DailyStateSheet.swift */ = {isa = PBXFileReference; includeInIndex = 1; lastKnownFileType = sourcecode.swift; name = DailyStateSheet.swift; path = FutureBody/Views/DailyStateSheet.swift; sourceTree = "<group>"; };
		61F36F4DAD4F6718C56F9829 /* ProgressViewScreen.swift */ = {isa = PBXFileReference; includeInIndex = 1; lastKnownFileType = sourcecode.swift; name = ProgressViewScreen.swift; path = FutureBody/Views/ProgressViewScreen.swift; sourceTree = "<group>"; };
		7B10370E10D32FFDF96EF049 /* FutureBody.entitlements */ = {isa = PBXFileReference; includeInIndex = 1; lastKnownFileType = text.plist.entitlements; name = FutureBody.entitlements; path = FutureBody/FutureBody.entitlements; sourceTree = "<group>"; };
		7EB9B8BB8178B1FD46EDC545 /* FutureBodyTests.xctest */ = {isa = PBXFileReference; explicitFileType = wrapper.cfbundle; includeInIndex = 0; path = FutureBodyTests.xctest; sourceTree = BUILT_PRODUCTS_DIR; };
		7F79DAF8A314DBDCD5359952 /* SettingsView.swift */ = {isa = PBXFileReference; includeInIndex = 1; lastKnownFileType = sourcecode.swift; name = SettingsView.swift; path = FutureBody/Views/SettingsView.swift; sourceTree = "<group>"; };
		A0E2E495188696E57BD8A3B8 /* Assets.xcassets */ = {isa = PBXFileReference; includeInIndex = 1; lastKnownFileType = folder.assetcatalog; name = Assets.xcassets; path = FutureBody/Assets.xcassets; sourceTree = "<group>"; };
		A4D17C4FFD4A478AB3058A3B /* Info.plist */ = {isa = PBXFileReference; includeInIndex = 1; lastKnownFileType = text.plist.xml; name = Info.plist; path = FutureBody/Info.plist; sourceTree = "<group>"; };
		ABAC9B073640E3651345DB68 /* LINESeedJP-Regular.ttf */ = {isa = PBXFileReference; includeInIndex = 1; name = "LINESeedJP-Regular.ttf"; path = "FutureBody/Resources/Fonts/LINESeedJP-Regular.ttf"; sourceTree = "<group>"; };
		ABCBAD730BC0D64A1F7DACEB /* TodayView.swift */ = {isa = PBXFileReference; includeInIndex = 1; lastKnownFileType = sourcecode.swift; name = TodayView.swift; path = FutureBody/Views/TodayView.swift; sourceTree = "<group>"; };
		B4F5E2AFE5A66EF1AE00775A /* FirebaseWorkoutSync.swift */ = {isa = PBXFileReference; includeInIndex = 1; lastKnownFileType = sourcecode.swift; name = FirebaseWorkoutSync.swift; path = FutureBody/Services/FirebaseWorkoutSync.swift; sourceTree = "<group>"; };
		C744A460635958A7FBD150EB /* FriendService.swift */ = {isa = PBXFileReference; includeInIndex = 1; lastKnownFileType = sourcecode.swift; name = FriendService.swift; path = FutureBody/Services/FriendService.swift; sourceTree = "<group>"; };
		E0088C7B8FD7B0C472C7B3A1 /* WorkoutStoreTests.swift */ = {isa = PBXFileReference; includeInIndex = 1; lastKnownFileType = sourcecode.swift; name = WorkoutStoreTests.swift; path = FutureBodyTests/WorkoutStoreTests.swift; sourceTree = "<group>"; };
		E801BACBBF63B09F70C33D47 /* PrivacyInfo.xcprivacy */ = {isa = PBXFileReference; includeInIndex = 1; name = PrivacyInfo.xcprivacy; path = FutureBody/Resources/PrivacyInfo.xcprivacy; sourceTree = "<group>"; };
		E805D821C2E331CA24C92B84 /* LINESeedJP-ExtraBold.ttf */ = {isa = PBXFileReference; includeInIndex = 1; name = "LINESeedJP-ExtraBold.ttf"; path = "FutureBody/Resources/Fonts/LINESeedJP-ExtraBold.ttf"; sourceTree = "<group>"; };
		F75B049564FD293490CE3ADE /* LocalCoachService.swift */ = {isa = PBXFileReference; includeInIndex = 1; lastKnownFileType = sourcecode.swift; name = LocalCoachService.swift; path = FutureBody/Services/LocalCoachService.swift; sourceTree = "<group>"; };
/* End PBXFileReference section */

/* Begin PBXFrameworksBuildPhase section */
		24DAC2CE6C9F6A38E9189ACE /* Frameworks */ = {
			isa = PBXFrameworksBuildPhase;
			buildActionMask = 2147483647;
			files = (
				29AFA536E5BC0575B186454D /* Foundation.framework in Frameworks */,
			);
			runOnlyForDeploymentPostprocessing = 0;
		};
		B75FB16380EDD4E33EFC580A /* Frameworks */ = {
			isa = PBXFrameworksBuildPhase;
			buildActionMask = 2147483647;
			files = (
				AAFEBA6C47E0EB5E3C77B047 /* Foundation.framework in Frameworks */,
			);
			runOnlyForDeploymentPostprocessing = 0;
		};
/* End PBXFrameworksBuildPhase section */

/* Begin PBXGroup section */
		0E618B0B3F94E98F9E81A3B3 /* FutureBody */ = {
			isa = PBXGroup;
			children = (
				A4D17C4FFD4A478AB3058A3B /* Info.plist */,
				A0E2E495188696E57BD8A3B8 /* Assets.xcassets */,
				7B10370E10D32FFDF96EF049 /* FutureBody.entitlements */,
				3C28159A6AB3DAD0465D1231 /* DesignSystem.swift */,
				1A1F02DA748C5E547590F30D /* FutureBodyApp.swift */,
				01E88342D0211EC66540C385 /* FutureBodyAppDelegate.swift */,
				26E2F302B058FBA361F2C5EB /* Workout.swift */,
				B4F5E2AFE5A66EF1AE00775A /* FirebaseWorkoutSync.swift */,
				C744A460635958A7FBD150EB /* FriendService.swift */,
				F75B049564FD293490CE3ADE /* LocalCoachService.swift */,
				310FA3CE75E1BF47B59FC911 /* WorkoutStore.swift */,
				5FA1181366BF6EC02BA275AB /* DailyStateSheet.swift */,
				337F5DF75878D9CA1E8F12F8 /* FutureScenarioSheet.swift */,
				61F36F4DAD4F6718C56F9829 /* ProgressViewScreen.swift */,
				024AA5DDECBDDD8BD3F892D7 /* RootView.swift */,
				7F79DAF8A314DBDCD5359952 /* SettingsView.swift */,
				136C9681E86C7D2DA747E753 /* TeamView.swift */,
				ABCBAD730BC0D64A1F7DACEB /* TodayView.swift */,
				4DE5B2D981D557E0F4B711EC /* WorkoutPlayerView.swift */,
				41DAB5584430F841B8461BA9 /* LINESeedJP-Bold.ttf */,
				E805D821C2E331CA24C92B84 /* LINESeedJP-ExtraBold.ttf */,
				ABAC9B073640E3651345DB68 /* LINESeedJP-Regular.ttf */,
				E801BACBBF63B09F70C33D47 /* PrivacyInfo.xcprivacy */,
			);
			name = FutureBody;
			sourceTree = "<group>";
		};
		2901AB0348E104EB2C1D8613 /* FutureBodyTests */ = {
			isa = PBXGroup;
			children = (
				E0088C7B8FD7B0C472C7B3A1 /* WorkoutStoreTests.swift */,
			);
			name = FutureBodyTests;
			sourceTree = "<group>";
		};
		4F7DA12F6E1F5CE0EC18F975 = {
			isa = PBXGroup;
			children = (
				EB0F1A3B3835872C0649E40F /* Products */,
				EA7E9C499B429102552FA246 /* Frameworks */,
				0E618B0B3F94E98F9E81A3B3 /* FutureBody */,
				2901AB0348E104EB2C1D8613 /* FutureBodyTests */,
			);
			sourceTree = "<group>";
		};
		50C44F2E493161E34688C93D /* iOS */ = {
			isa = PBXGroup;
			children = (
				41059608AA6696F8B185B3B7 /* Foundation.framework */,
			);
			name = iOS;
			sourceTree = "<group>";
		};
		EA7E9C499B429102552FA246 /* Frameworks */ = {
			isa = PBXGroup;
			children = (
				50C44F2E493161E34688C93D /* iOS */,
			);
			name = Frameworks;
			sourceTree = "<group>";
		};
		EB0F1A3B3835872C0649E40F /* Products */ = {
			isa = PBXGroup;
			children = (
				493C42F69F0EE33F18FF927E /* FutureBody.app */,
				7EB9B8BB8178B1FD46EDC545 /* FutureBodyTests.xctest */,
			);
			name = Products;
			sourceTree = "<group>";
		};
/* End PBXGroup section */

/* Begin PBXNativeTarget section */
		7FBD5049F48B21C928913D2A /* FutureBodyTests */ = {
			isa = PBXNativeTarget;
			buildConfigurationList = F5A45ACD45E98808DA923492 /* Build configuration list for PBXNativeTarget "FutureBodyTests" */;
			buildPhases = (
				DD17110AF26CEBE812FE2E79 /* Sources */,
				24DAC2CE6C9F6A38E9189ACE /* Frameworks */,
				F12B451297B43372A3E58DB9 /* Resources */,
			);
			buildRules = (
			);
			dependencies = (
				FBBF0A8B91A119BBB23B30BF /* PBXTargetDependency */,
			);
			name = FutureBodyTests;
			productName = FutureBodyTests;
			productReference = 7EB9B8BB8178B1FD46EDC545 /* FutureBodyTests.xctest */;
			productType = "com.apple.product-type.bundle.unit-test";
		};
		D3DD4024162C1AEB7046AB9E /* FutureBody */ = {
			isa = PBXNativeTarget;
			buildConfigurationList = 2A1F39EF50BE2A07DDE92D00 /* Build configuration list for PBXNativeTarget "FutureBody" */;
			buildPhases = (
				9EE53315F2A8602F8645B1C8 /* Sources */,
				B75FB16380EDD4E33EFC580A /* Frameworks */,
				BBE9F3740E30B5E152993464 /* Resources */,
				05EC96234F10D462EBE13D75 /* Firebase configuration */,
			);
			buildRules = (
			);
			dependencies = (
			);
			name = FutureBody;
			packageProductDependencies = (
				84234B8DD1268CE1F157B27D /* FirebaseCore */,
				6C968E71F30F80EBC070193E /* FirebaseAuth */,
				A3E6138C83ECC6EB66EEDEB1 /* FirebaseFirestore */,
				9D858155BD3C52E24C45E39A /* FirebaseFunctions */,
				DCE00F4FD41D1275C93EEF65 /* FirebaseMessaging */,
			);
			productName = FutureBody;
			productReference = 493C42F69F0EE33F18FF927E /* FutureBody.app */;
			productType = "com.apple.product-type.application";
		};
/* End PBXNativeTarget section */

/* Begin PBXProject section */
		77CC4086660C2D8075EF11BA /* Project object */ = {
			isa = PBXProject;
			attributes = {
				LastSwiftUpdateCheck = 1500;
				LastUpgradeCheck = 1600;
				TargetAttributes = {
					D3DD4024162C1AEB7046AB9E = {
						SystemCapabilities = {
							com.apple.Push = {
								enabled = 1;
							};
						};
					};
				};
			};
			buildConfigurationList = 530A50F3909E69A25876C0F9 /* Build configuration list for PBXProject "FutureBody" */;
			compatibilityVersion = "Xcode 3.2";
			developmentRegion = en;
			hasScannedForEncodings = 0;
			knownRegions = (
				en,
				Base,
			);
			mainGroup = 4F7DA12F6E1F5CE0EC18F975;
			packageReferences = (
				279F26A7901A606D29A2972F /* XCRemoteSwiftPackageReference "firebase-ios-sdk.git" */,
			);
			productRefGroup = EB0F1A3B3835872C0649E40F /* Products */;
			projectDirPath = "";
			projectRoot = "";
			targets = (
				D3DD4024162C1AEB7046AB9E /* FutureBody */,
				7FBD5049F48B21C928913D2A /* FutureBodyTests */,
			);
		};
/* End PBXProject section */

/* Begin PBXResourcesBuildPhase section */
		BBE9F3740E30B5E152993464 /* Resources */ = {
			isa = PBXResourcesBuildPhase;
			buildActionMask = 2147483647;
			files = (
				FB85EE5837AB4EDB7C35FCB7 /* LINESeedJP-Bold.ttf in Resources */,
				0EB02F41B43FF8BD70194584 /* LINESeedJP-ExtraBold.ttf in Resources */,
				3952210CDAC6FEE716482356 /* LINESeedJP-Regular.ttf in Resources */,
				597D8DF9F62D049FD62B7633 /* PrivacyInfo.xcprivacy in Resources */,
				B1F2170AE9C403C815059E30 /* Assets.xcassets in Resources */,
			);
			runOnlyForDeploymentPostprocessing = 0;
		};
		F12B451297B43372A3E58DB9 /* Resources */ = {
			isa = PBXResourcesBuildPhase;
			buildActionMask = 2147483647;
			files = (
			);
			runOnlyForDeploymentPostprocessing = 0;
		};
/* End PBXResourcesBuildPhase section */

/* Begin PBXShellScriptBuildPhase section */
		05EC96234F10D462EBE13D75 /* Firebase configuration */ = {
			isa = PBXShellScriptBuildPhase;
			buildActionMask = 2147483647;
			files = (
			);
			inputFileListPaths = (
			);
			inputPaths = (
			);
			name = "Firebase configuration";
			outputFileListPaths = (
			);
			outputPaths = (
				"$(TARGET_BUILD_DIR)/$(UNLOCALIZED_RESOURCES_FOLDER_PATH)/GoogleService-Info.plist",
			);
			runOnlyForDeploymentPostprocessing = 0;
			shellPath = /bin/sh;
			shellScript = "if [ -f \"${SRCROOT}/FutureBody/GoogleService-Info.plist\" ]; then\n  cp \"${SRCROOT}/FutureBody/GoogleService-Info.plist\" \"${TARGET_BUILD_DIR}/${UNLOCALIZED_RESOURCES_FOLDER_PATH}/GoogleService-Info.plist\"\nfi\n";
		};
/* End PBXShellScriptBuildPhase section */

/* Begin PBXSourcesBuildPhase section */
		9EE53315F2A8602F8645B1C8 /* Sources */ = {
			isa = PBXSourcesBuildPhase;
			buildActionMask = 2147483647;
			files = (
				FC5C7279FCA6C7295E3A630B /* DesignSystem.swift in Sources */,
				ACCEFA78803CCFD0B8D8F7D1 /* FutureBodyApp.swift in Sources */,
				FFBBFB60446DD267A3FF811C /* FutureBodyAppDelegate.swift in Sources */,
				CFEAD629E6A12D40A07B6095 /* Workout.swift in Sources */,
				66E5DD4AB1503B22DD73FF90 /* FirebaseWorkoutSync.swift in Sources */,
				313FFB43739F659875648FCC /* FriendService.swift in Sources */,
				C18EAEF3C278EA631E99DE2D /* LocalCoachService.swift in Sources */,
				F8875057C3A2746CC27315C8 /* WorkoutStore.swift in Sources */,
				C034E4591EE02F5CE150AFF3 /* DailyStateSheet.swift in Sources */,
				2E36A6F18341EA5915796E52 /* FutureScenarioSheet.swift in Sources */,
				AAC38B071E41B6C0DBD11344 /* ProgressViewScreen.swift in Sources */,
				FF6AA08C96FF30A7504E4376 /* RootView.swift in Sources */,
				692A45DDB2B800DEAAA202C0 /* SettingsView.swift in Sources */,
				4DF77EFE85E25BF3B959E96B /* TeamView.swift in Sources */,
				6DCB2BAF1FFBF67CC2511789 /* TodayView.swift in Sources */,
				279F12303E15B4FDDB7BC0FC /* WorkoutPlayerView.swift in Sources */,
			);
			runOnlyForDeploymentPostprocessing = 0;
		};
		DD17110AF26CEBE812FE2E79 /* Sources */ = {
			isa = PBXSourcesBuildPhase;
			buildActionMask = 2147483647;
			files = (
				295CE0F7CE915D9A507C5A0B /* WorkoutStoreTests.swift in Sources */,
			);
			runOnlyForDeploymentPostprocessing = 0;
		};
/* End PBXSourcesBuildPhase section */

/* Begin PBXTargetDependency section */
		FBBF0A8B91A119BBB23B30BF /* PBXTargetDependency */ = {
			isa = PBXTargetDependency;
			name = FutureBody;
			target = D3DD4024162C1AEB7046AB9E /* FutureBody */;
			targetProxy = 9650321C54DFA07A28EA7E6A /* PBXContainerItemProxy */;
		};
/* End PBXTargetDependency section */

/* Begin XCBuildConfiguration section */
		227F0ACCE5157B3A452A177E /* Debug */ = {
			isa = XCBuildConfiguration;
			buildSettings = {
				ASSETCATALOG_COMPILER_APPICON_NAME = AppIcon;
				ASSETCATALOG_COMPILER_GLOBAL_ACCENT_COLOR_NAME = AccentColor;
				CLANG_ENABLE_OBJC_WEAK = NO;
				CODE_SIGN_ENTITLEMENTS = FutureBody/FutureBody.entitlements;
				CODE_SIGN_STYLE = Automatic;
				CURRENT_PROJECT_VERSION = 13;
				DEVELOPMENT_TEAM = W7WQFW7K74;
				INFOPLIST_FILE = FutureBody/Info.plist;
				IPHONEOS_DEPLOYMENT_TARGET = 17.0;
				LD_RUNPATH_SEARCH_PATHS = "$(inherited) @executable_path/Frameworks";
				MARKETING_VERSION = 1.0.0;
				OTHER_LDFLAGS = (
					"$(inherited)",
					"-ObjC",
				);
				PRODUCT_BUNDLE_IDENTIFIER = app.futurebody.mobile;
				PRODUCT_NAME = FutureBody;
				SUPPORTED_PLATFORMS = "iphoneos iphonesimulator";
				SUPPORTS_MACCATALYST = NO;
				SWIFT_VERSION = 5.0;
				TARGETED_DEVICE_FAMILY = 1;
			};
			name = Debug;
		};
		2608527D4F618A89AF0EF0C2 /* Debug */ = {
			isa = XCBuildConfiguration;
			buildSettings = {
				ALWAYS_SEARCH_USER_PATHS = NO;
				CLANG_ANALYZER_NONNULL = YES;
				CLANG_ANALYZER_NUMBER_OBJECT_CONVERSION = YES_AGGRESSIVE;
				CLANG_CXX_LANGUAGE_STANDARD = "gnu++14";
				CLANG_CXX_LIBRARY = "libc++";
				CLANG_ENABLE_MODULES = YES;
				CLANG_ENABLE_OBJC_ARC = YES;
				CLANG_ENABLE_OBJC_WEAK = YES;
				CLANG_WARN_BLOCK_CAPTURE_AUTORELEASING = YES;
				CLANG_WARN_BOOL_CONVERSION = YES;
				CLANG_WARN_COMMA = YES;
				CLANG_WARN_CONSTANT_CONVERSION = YES;
				CLANG_WARN_DEPRECATED_OBJC_IMPLEMENTATIONS = YES;
				CLANG_WARN_DIRECT_OBJC_ISA_USAGE = YES_ERROR;
				CLANG_WARN_DOCUMENTATION_COMMENTS = YES;
				CLANG_WARN_EMPTY_BODY = YES;
				CLANG_WARN_ENUM_CONVERSION = YES;
				CLANG_WARN_INFINITE_RECURSION = YES;
				CLANG_WARN_INT_CONVERSION = YES;
				CLANG_WARN_NON_LITERAL_NULL_CONVERSION = YES;
				CLANG_WARN_OBJC_IMPLICIT_RETAIN_SELF = YES;
				CLANG_WARN_OBJC_LITERAL_CONVERSION = YES;
				CLANG_WARN_OBJC_ROOT_CLASS = YES_ERROR;
				CLANG_WARN_QUOTED_INCLUDE_IN_FRAMEWORK_HEADER = YES;
				CLANG_WARN_RANGE_LOOP_ANALYSIS = YES;
				CLANG_WARN_STRICT_PROTOTYPES = YES;
				CLANG_WARN_SUSPICIOUS_MOVE = YES;
				CLANG_WARN_UNGUARDED_AVAILABILITY = YES_AGGRESSIVE;
				CLANG_WARN_UNREACHABLE_CODE = YES;
				CLANG_WARN__DUPLICATE_METHOD_MATCH = YES;
				COPY_PHASE_STRIP = NO;
				DEBUG_INFORMATION_FORMAT = dwarf;
				ENABLE_STRICT_OBJC_MSGSEND = YES;
				ENABLE_TESTABILITY = YES;
				GCC_C_LANGUAGE_STANDARD = gnu11;
				GCC_DYNAMIC_NO_PIC = NO;
				GCC_NO_COMMON_BLOCKS = YES;
				GCC_OPTIMIZATION_LEVEL = 0;
				GCC_PREPROCESSOR_DEFINITIONS = (
					"DEBUG=1",
					"$(inherited)",
				);
				GCC_WARN_64_TO_32_BIT_CONVERSION = YES;
				GCC_WARN_ABOUT_RETURN_TYPE = YES_ERROR;
				GCC_WARN_UNDECLARED_SELECTOR = YES;
				GCC_WARN_UNINITIALIZED_AUTOS = YES_AGGRESSIVE;
				GCC_WARN_UNUSED_FUNCTION = YES;
				GCC_WARN_UNUSED_VARIABLE = YES;
				IPHONEOS_DEPLOYMENT_TARGET = 17.0;
				MTL_ENABLE_DEBUG_INFO = INCLUDE_SOURCE;
				MTL_FAST_MATH = YES;
				ONLY_ACTIVE_ARCH = YES;
				PRODUCT_NAME = "$(TARGET_NAME)";
				SWIFT_ACTIVE_COMPILATION_CONDITIONS = DEBUG;
				SWIFT_OPTIMIZATION_LEVEL = "-Onone";
				SWIFT_VERSION = 5.0;
			};
			name = Debug;
		};
		5A149B904661F0D5D9A53BF7 /* Release */ = {
			isa = XCBuildConfiguration;
			buildSettings = {
				ALWAYS_SEARCH_USER_PATHS = NO;
				CLANG_ANALYZER_NONNULL = YES;
				CLANG_ANALYZER_NUMBER_OBJECT_CONVERSION = YES_AGGRESSIVE;
				CLANG_CXX_LANGUAGE_STANDARD = "gnu++14";
				CLANG_CXX_LIBRARY = "libc++";
				CLANG_ENABLE_MODULES = YES;
				CLANG_ENABLE_OBJC_ARC = YES;
				CLANG_ENABLE_OBJC_WEAK = YES;
				CLANG_WARN_BLOCK_CAPTURE_AUTORELEASING = YES;
				CLANG_WARN_BOOL_CONVERSION = YES;
				CLANG_WARN_COMMA = YES;
				CLANG_WARN_CONSTANT_CONVERSION = YES;
				CLANG_WARN_DEPRECATED_OBJC_IMPLEMENTATIONS = YES;
				CLANG_WARN_DIRECT_OBJC_ISA_USAGE = YES_ERROR;
				CLANG_WARN_DOCUMENTATION_COMMENTS = YES;
				CLANG_WARN_EMPTY_BODY = YES;
				CLANG_WARN_ENUM_CONVERSION = YES;
				CLANG_WARN_INFINITE_RECURSION = YES;
				CLANG_WARN_INT_CONVERSION = YES;
				CLANG_WARN_NON_LITERAL_NULL_CONVERSION = YES;
				CLANG_WARN_OBJC_IMPLICIT_RETAIN_SELF = YES;
				CLANG_WARN_OBJC_LITERAL_CONVERSION = YES;
				CLANG_WARN_OBJC_ROOT_CLASS = YES_ERROR;
				CLANG_WARN_QUOTED_INCLUDE_IN_FRAMEWORK_HEADER = YES;
				CLANG_WARN_RANGE_LOOP_ANALYSIS = YES;
				CLANG_WARN_STRICT_PROTOTYPES = YES;
				CLANG_WARN_SUSPICIOUS_MOVE = YES;
				CLANG_WARN_UNGUARDED_AVAILABILITY = YES_AGGRESSIVE;
				CLANG_WARN_UNREACHABLE_CODE = YES;
				CLANG_WARN__DUPLICATE_METHOD_MATCH = YES;
				COPY_PHASE_STRIP = NO;
				DEBUG_INFORMATION_FORMAT = "dwarf-with-dsym";
				ENABLE_NS_ASSERTIONS = NO;
				ENABLE_STRICT_OBJC_MSGSEND = YES;
				GCC_C_LANGUAGE_STANDARD = gnu11;
				GCC_NO_COMMON_BLOCKS = YES;
				GCC_WARN_64_TO_32_BIT_CONVERSION = YES;
				GCC_WARN_ABOUT_RETURN_TYPE = YES_ERROR;
				GCC_WARN_UNDECLARED_SELECTOR = YES;
				GCC_WARN_UNINITIALIZED_AUTOS = YES_AGGRESSIVE;
				GCC_WARN_UNUSED_FUNCTION = YES;
				GCC_WARN_UNUSED_VARIABLE = YES;
				IPHONEOS_DEPLOYMENT_TARGET = 17.0;
				MTL_ENABLE_DEBUG_INFO = NO;
				MTL_FAST_MATH = YES;
				PRODUCT_NAME = "$(TARGET_NAME)";
				SWIFT_COMPILATION_MODE = wholemodule;
				SWIFT_OPTIMIZATION_LEVEL = "-O";
				SWIFT_VERSION = 5.0;
			};
			name = Release;
		};
		879921C1BA7891CF10D94C8A /* Release */ = {
			isa = XCBuildConfiguration;
			buildSettings = {
				ASSETCATALOG_COMPILER_APPICON_NAME = AppIcon;
				ASSETCATALOG_COMPILER_GLOBAL_ACCENT_COLOR_NAME = AccentColor;
				CLANG_ENABLE_OBJC_WEAK = NO;
				CODE_SIGN_ENTITLEMENTS = FutureBody/FutureBody.entitlements;
				CODE_SIGN_STYLE = Automatic;
				CURRENT_PROJECT_VERSION = 13;
				DEVELOPMENT_TEAM = W7WQFW7K74;
				INFOPLIST_FILE = FutureBody/Info.plist;
				IPHONEOS_DEPLOYMENT_TARGET = 17.0;
				LD_RUNPATH_SEARCH_PATHS = "$(inherited) @executable_path/Frameworks";
				MARKETING_VERSION = 1.0.0;
				OTHER_LDFLAGS = (
					"$(inherited)",
					"-ObjC",
				);
				PRODUCT_BUNDLE_IDENTIFIER = app.futurebody.mobile;
				PRODUCT_NAME = FutureBody;
				SUPPORTED_PLATFORMS = "iphoneos iphonesimulator";
				SUPPORTS_MACCATALYST = NO;
				SWIFT_VERSION = 5.0;
				TARGETED_DEVICE_FAMILY = 1;
				VALIDATE_PRODUCT = YES;
			};
			name = Release;
		};
		CA92E0725E5D8215025B1BD0 /* Release */ = {
			isa = XCBuildConfiguration;
			buildSettings = {
				BUNDLE_LOADER = "$(TEST_HOST)";
				CLANG_ENABLE_OBJC_WEAK = NO;
				DEVELOPMENT_TEAM = W7WQFW7K74;
				GENERATE_INFOPLIST_FILE = YES;
				IPHONEOS_DEPLOYMENT_TARGET = 17.0;
				PRODUCT_BUNDLE_IDENTIFIER = com.example.FutureBodyTests;
				PRODUCT_NAME = FutureBodyTests;
				SUPPORTED_PLATFORMS = "iphoneos iphonesimulator";
				SWIFT_VERSION = 5.0;
				TARGETED_DEVICE_FAMILY = 1;
				TEST_HOST = "$(BUILT_PRODUCTS_DIR)/FutureBody.app/FutureBody";
				VALIDATE_PRODUCT = YES;
			};
			name = Release;
		};
		E994DF3484066782ED460E07 /* Debug */ = {
			isa = XCBuildConfiguration;
			buildSettings = {
				BUNDLE_LOADER = "$(TEST_HOST)";
				CLANG_ENABLE_OBJC_WEAK = NO;
				DEVELOPMENT_TEAM = W7WQFW7K74;
				GENERATE_INFOPLIST_FILE = YES;
				IPHONEOS_DEPLOYMENT_TARGET = 17.0;
				PRODUCT_BUNDLE_IDENTIFIER = com.example.FutureBodyTests;
				PRODUCT_NAME = FutureBodyTests;
				SUPPORTED_PLATFORMS = "iphoneos iphonesimulator";
				SWIFT_VERSION = 5.0;
				TARGETED_DEVICE_FAMILY = 1;
				TEST_HOST = "$(BUILT_PRODUCTS_DIR)/FutureBody.app/FutureBody";
			};
			name = Debug;
		};
/* End XCBuildConfiguration section */

/* Begin XCConfigurationList section */
		2A1F39EF50BE2A07DDE92D00 /* Build configuration list for PBXNativeTarget "FutureBody" */ = {
			isa = XCConfigurationList;
			buildConfigurations = (
				879921C1BA7891CF10D94C8A /* Release */,
				227F0ACCE5157B3A452A177E /* Debug */,
			);
			defaultConfigurationIsVisible = 0;
			defaultConfigurationName = Release;
		};
		530A50F3909E69A25876C0F9 /* Build configuration list for PBXProject "FutureBody" */ = {
			isa = XCConfigurationList;
			buildConfigurations = (
				2608527D4F618A89AF0EF0C2 /* Debug */,
				5A149B904661F0D5D9A53BF7 /* Release */,
			);
			defaultConfigurationIsVisible = 0;
			defaultConfigurationName = Release;
		};
		F5A45ACD45E98808DA923492 /* Build configuration list for PBXNativeTarget "FutureBodyTests" */ = {
			isa = XCConfigurationList;
			buildConfigurations = (
				CA92E0725E5D8215025B1BD0 /* Release */,
				E994DF3484066782ED460E07 /* Debug */,
			);
			defaultConfigurationIsVisible = 0;
			defaultConfigurationName = Release;
		};
/* End XCConfigurationList section */

/* Begin XCRemoteSwiftPackageReference section */
		279F26A7901A606D29A2972F /* XCRemoteSwiftPackageReference "firebase-ios-sdk.git" */ = {
			isa = XCRemoteSwiftPackageReference;
			repositoryURL = "https://github.com/firebase/firebase-ios-sdk.git";
			requirement = {
				kind = exactVersion;
				version = 12.17.0;
			};
		};
/* End XCRemoteSwiftPackageReference section */

/* Begin XCSwiftPackageProductDependency section */
		6C968E71F30F80EBC070193E /* FirebaseAuth */ = {
			isa = XCSwiftPackageProductDependency;
			package = 279F26A7901A606D29A2972F /* XCRemoteSwiftPackageReference "firebase-ios-sdk.git" */;
			productName = FirebaseAuth;
		};
		84234B8DD1268CE1F157B27D /* FirebaseCore */ = {
			isa = XCSwiftPackageProductDependency;
			package = 279F26A7901A606D29A2972F /* XCRemoteSwiftPackageReference "firebase-ios-sdk.git" */;
			productName = FirebaseCore;
		};
		9D858155BD3C52E24C45E39A /* FirebaseFunctions */ = {
			isa = XCSwiftPackageProductDependency;
			package = 279F26A7901A606D29A2972F /* XCRemoteSwiftPackageReference "firebase-ios-sdk.git" */;
			productName = FirebaseFunctions;
		};
		A3E6138C83ECC6EB66EEDEB1 /* FirebaseFirestore */ = {
			isa = XCSwiftPackageProductDependency;
			package = 279F26A7901A606D29A2972F /* XCRemoteSwiftPackageReference "firebase-ios-sdk.git" */;
			productName = FirebaseFirestore;
		};
		DCE00F4FD41D1275C93EEF65 /* FirebaseMessaging */ = {
			isa = XCSwiftPackageProductDependency;
			package = 279F26A7901A606D29A2972F /* XCRemoteSwiftPackageReference "firebase-ios-sdk.git" */;
			productName = FirebaseMessaging;
		};
/* End XCSwiftPackageProductDependency section */
	};
	rootObject = 77CC4086660C2D8075EF11BA /* Project object */;
}
